PODS:
  - Alamofire (5.10.2)
  - BigInt (5.2.0)
  - Capacitor (7.4.4):
    - CapacitorCordova
  - CapacitorApp (7.1.0):
    - Capacitor
  - CapacitorCommunityKeepAwake (7.1.0):
    - Capacitor
  - CapacitorCommunityMedia (8.0.1):
    - Capacitor
    - SDWebImage
  - CapacitorCordova (7.4.4)
  - CapacitorFilesystem (7.1.4):
    - Capacitor
    - IONFilesystemLib (~> 1.0.1)
  - CapacitorGeolocation (7.1.5):
    - Capacitor
    - IONGeolocationLib (= 1.0.1)
  - CapacitorGetlocalip (0.0.2):
    - Capacitor
  - CapacitorHaptics (7.0.2):
    - Capacitor
  - CapacitorKeyboard (7.0.3):
    - Capacitor
  - CapacitorStatusBar (7.0.3):
    - Capacitor
  - CapawesomeCapacitorFilePicker (7.2.0):
    - Capacitor
  - CapgoCapacitorUpdater (7.25.0):
    - Alamofire (= 5.10.2)
    - BigInt (= 5.2.0)
    - Capacitor
    - SSZipArchive (= 2.4.3)
    - Version (= 0.8.0)
  - DevioartsCapacitorMdns (0.0.2):
    - Capacitor
  - IONFilesystemLib (1.0.1)
  - IONGeolocationLib (1.0.1)
  - SDWebImage (5.21.3):
    - SDWebImage/Core (= 5.21.3)
  - SDWebImage/Core (5.21.3)
  - SSZipArchive (2.4.3)
  - Version (0.8.0)

DEPENDENCIES:
  - "Capacitor (from `../../node_modules/@capacitor/ios`)"
  - "CapacitorApp (from `../../node_modules/@capacitor/app`)"
  - "CapacitorCommunityKeepAwake (from `../../node_modules/@capacitor-community/keep-awake`)"
  - "CapacitorCommunityMedia (from `../../node_modules/@capacitor-community/media`)"
  - "CapacitorCordova (from `../../node_modules/@capacitor/ios`)"
  - "CapacitorFilesystem (from `../../node_modules/@capacitor/filesystem`)"
  - "CapacitorGeolocation (from `../../node_modules/@capacitor/geolocation`)"
  - CapacitorGetlocalip (from `../../node_modules/capacitor-getlocalip`)
  - "CapacitorHaptics (from `../../node_modules/@capacitor/haptics`)"
  - "CapacitorKeyboard (from `../../node_modules/@capacitor/keyboard`)"
  - "CapacitorStatusBar (from `../../node_modules/@capacitor/status-bar`)"
  - "CapawesomeCapacitorFilePicker (from `../../node_modules/@capawesome/capacitor-file-picker`)"
  - "CapgoCapacitorUpdater (from `../../node_modules/@capgo/capacitor-updater`)"
  - "DevioartsCapacitorMdns (from `../../node_modules/@devioarts/capacitor-mdns`)"

SPEC REPOS:
  trunk:
    - Alamofire
    - BigInt
    - IONFilesystemLib
    - IONGeolocationLib
    - SDWebImage
    - SSZipArchive
    - Version

EXTERNAL SOURCES:
  Capacitor:
    :path: "../../node_modules/@capacitor/ios"
  CapacitorApp:
    :path: "../../node_modules/@capacitor/app"
  CapacitorCommunityKeepAwake:
    :path: "../../node_modules/@capacitor-community/keep-awake"
  CapacitorCommunityMedia:
    :path: "../../node_modules/@capacitor-community/media"
  CapacitorCordova:
    :path: "../../node_modules/@capacitor/ios"
  CapacitorFilesystem:
    :path: "../../node_modules/@capacitor/filesystem"
  CapacitorGeolocation:
    :path: "../../node_modules/@capacitor/geolocation"
  CapacitorGetlocalip:
    :path: "../../node_modules/capacitor-getlocalip"
  CapacitorHaptics:
    :path: "../../node_modules/@capacitor/haptics"
  CapacitorKeyboard:
    :path: "../../node_modules/@capacitor/keyboard"
  CapacitorStatusBar:
    :path: "../../node_modules/@capacitor/status-bar"
  CapawesomeCapacitorFilePicker:
    :path: "../../node_modules/@capawesome/capacitor-file-picker"
  CapgoCapacitorUpdater:
    :path: "../../node_modules/@capgo/capacitor-updater"
  DevioartsCapacitorMdns:
    :path: "../../node_modules/@devioarts/capacitor-mdns"

SPEC CHECKSUMS:
  Alamofire: 7193b3b92c74a07f85569e1a6c4f4237291e7496
  BigInt: f668a80089607f521586bbe29513d708491ef2f7
  Capacitor: 358dd1c3fdd71d969547b17e159fd8a7736cb45f
  CapacitorApp: 26587c2ce485d88ddb39adb21cac64f8e481afe3
  CapacitorCommunityKeepAwake: 05c75aab989f60e621870cf03b24a144a5544c30
  CapacitorCommunityMedia: d1538b56a3303298e7cf45a18b11e624fbcbdc8e
  CapacitorCordova: bf648a636f3c153f652d312ae145fb508b6ffced
  CapacitorFilesystem: f9bd850c41e048180e5dc0cbb90f2033ede9d2cc
  CapacitorGeolocation: 84f868bea4c2499aebc3bb3a88fd0a508f87ab87
  CapacitorGetlocalip: d0f07ecbff88e31d28e5cc76dd246fc4c134b36d
  CapacitorHaptics: b3fb2869e72c4466e18ce9ccbeb60a3d8723b3d4
  CapacitorKeyboard: 62f36104f26d53d8b3a2a43f2a69fe714f1777d5
  CapacitorStatusBar: 0659ddc7b1713764a05831463d215b177a15d054
  CapawesomeCapacitorFilePicker: 0f4a913a00e39dd77213449f0d917e92f35a5ca9
  CapgoCapacitorUpdater: c61e0231cd4853cfab289c2ac7546aac107676c8
  DevioartsCapacitorMdns: bb7da3676d53672efa752ebf6de6162345a1e54d
  IONFilesystemLib: 89258b8e3e85465da93127d25d7ce37f977e8a6f
  IONGeolocationLib: 20f9d0248a0b5264511fb57a37e25dd2badf797a
  SDWebImage: 16309af6d214ba3f77a7c6f6fdda888cb313a50a
  SSZipArchive: fe6a26b2a54d5a0890f2567b5cc6de5caa600aef
  Version: de5907f2c5d0f3cf21708db7801d1d5401139486

PODFILE CHECKSUM: ebfe577168195779b4951ca0d5c541e1d9493779

COCOAPODS: 1.16.2
